
Microsoft Visual Studio Solution File, Format Version 12.00
# Visual Studio Version 17
VisualStudioVersion = 17.14.36518.9 d17.14
MinimumVisualStudioVersion = 10.0.40219.1
Project("{FAE04EC0-301F-11D3-BF4B-00C04F79EFBC}") = "CREC_Web", "CREC_Web\CREC_Web.csproj", "{522ADB63-CD78-48BA-82EE-0370C7628DF1}"
EndProject
Global
	GlobalSection(SolutionConfigurationPlatforms) = preSolution
		Debug|Any CPU = Debug|Any CPU
		Release|Any CPU = Release|Any CPU
	EndGlobalSection
	GlobalSection(ProjectConfigurationPlatforms) = postSolution
		{522ADB63-CD78-48BA-82EE-0370C7628DF1}.Debug|Any CPU.ActiveCfg = Debug|Any CPU
		{522ADB63-CD78-48BA-82EE-0370C7628DF1}.Debug|Any CPU.Build.0 = Debug|Any CPU
		{522ADB63-CD78-48BA-82EE-0370C7628DF1}.Release|Any CPU.ActiveCfg = Release|Any CPU
		{522ADB63-CD78-48BA-82EE-0370C7628DF1}.Release|Any CPU.Build.0 = Release|Any CPU
	EndGlobalSection
	GlobalSection(SolutionProperties) = preSolution
		HideSolutionNode = FALSE
	EndGlobalSection
	GlobalSection(ExtensibilityGlobals) = postSolution
		SolutionGuid = {62478305-3AFD-47B9-8137-6C080651FA60}
	EndGlobalSection
EndGlobal
